// !$*UTF8*$!
{
	archiveVersion = 1;
	classes = {
	};
	objectVersion = 55;
	objects = {

/* Begin PBXBuildFile section */
		1CAE369E28D2672C008E10A3 /* AppDelegate.swift in Sources */ = {isa = PBXBuildFile; fileRef = 1CAE369D28D2672C008E10A3 /* AppDelegate.swift */; };
		1CAE36A028D2672C008E10A3 /* SceneDelegate.swift in Sources */ = {isa = PBXBuildFile; fileRef = 1CAE369F28D2672C008E10A3 /* SceneDelegate.swift */; };
		1CAE36A728D26732008E10A3 /* Assets.xcassets in Resources */ = {isa = PBXBuildFile; fileRef = 1CAE36A628D26732008E10A3 /* Assets.xcassets */; };
		1CAE36AA28D26732008E10A3 /* LaunchScreen.storyboard in Resources */ = {isa = PBXBuildFile; fileRef = 1CAE36A828D26732008E10A3 /* LaunchScreen.storyboard */; };
		1CAE36B528D26733008E10A3 /* UIKitAppTests.swift in Sources */ = {isa = PBXBuildFile; fileRef = 1CAE36B428D26733008E10A3 /* UIKitAppTests.swift */; };
		1CAE36BF28D26733008E10A3 /* UIKitAppUITests.swift in Sources */ = {isa = PBXBuildFile; fileRef = 1CAE36BE28D26733008E10A3 /* UIKitAppUITests.swift */; };
		1CAE36C128D26733008E10A3 /* UIKitAppUITestsLaunchTests.swift in Sources */ = {isa = PBXBuildFile; fileRef = 1CAE36C028D26733008E10A3 /* UIKitAppUITestsLaunchTests.swift */; };
		1CAE36CF28D2F56C008E10A3 /* WelcomeViewController.swift in Sources */ = {isa = PBXBuildFile; fileRef = 1CAE36CE28D2F56C008E10A3 /* WelcomeViewController.swift */; };
		1CAE36D128D2F5AE008E10A3 /* WelcomeView.swift in Sources */ = {isa = PBXBuildFile; fileRef = 1CAE36D028D2F5AE008E10A3 /* WelcomeView.swift */; };
		1CAE36D428D2F5E3008E10A3 /* WelcomeViewDelegate.swift in Sources */ = {isa = PBXBuildFile; fileRef = 1CAE36D328D2F5E3008E10A3 /* WelcomeViewDelegate.swift */; };
		1CAE36D728D2F60B008E10A3 /* Constants.swift in Sources */ = {isa = PBXBuildFile; fileRef = 1CAE36D628D2F60B008E10A3 /* Constants.swift */; };
		1CAE36D928D2F657008E10A3 /* SignUpViewController.swift in Sources */ = {isa = PBXBuildFile; fileRef = 1CAE36D828D2F657008E10A3 /* SignUpViewController.swift */; };
		1CAE36DB28D2F6C2008E10A3 /* SignUp.storyboard in Resources */ = {isa = PBXBuildFile; fileRef = 1CAE36DA28D2F6C2008E10A3 /* SignUp.storyboard */; };
		1CAE36DF28D36FE6008E10A3 /* SignInView.swift in Sources */ = {isa = PBXBuildFile; fileRef = 1CAE36DE28D36FE6008E10A3 /* SignInView.swift */; };
		1CAE36E128D3700D008E10A3 /* SignInConstants.swift in Sources */ = {isa = PBXBuildFile; fileRef = 1CAE36E028D3700D008E10A3 /* SignInConstants.swift */; };
		1CAE36E328D3703A008E10A3 /* SignInStyles.swift in Sources */ = {isa = PBXBuildFile; fileRef = 1CAE36E228D3703A008E10A3 /* SignInStyles.swift */; };
		1CAE36E728D37190008E10A3 /* Localizable.strings in Resources */ = {isa = PBXBuildFile; fileRef = 1CAE36E628D37190008E10A3 /* Localizable.strings */; };
		1CAE36E928D371BC008E10A3 /* LocalizableKeys.swift in Sources */ = {isa = PBXBuildFile; fileRef = 1CAE36E828D371BC008E10A3 /* LocalizableKeys.swift */; };
		1CAE3B5228D37F0D008E10A3 /* CustomColor.swift in Sources */ = {isa = PBXBuildFile; fileRef = 1CAE3B5128D37F0D008E10A3 /* CustomColor.swift */; };
		1CAE3B5428D37F25008E10A3 /* PrimaryButton.swift in Sources */ = {isa = PBXBuildFile; fileRef = 1CAE3B5328D37F25008E10A3 /* PrimaryButton.swift */; };
		1CAE3B5628D37F43008E10A3 /* PrimaryTextField.swift in Sources */ = {isa = PBXBuildFile; fileRef = 1CAE3B5528D37F43008E10A3 /* PrimaryTextField.swift */; };
/* End PBXBuildFile section */

/* Begin PBXContainerItemProxy section */
		1CAE36B128D26733008E10A3 /* PBXContainerItemProxy */ = {
			isa = PBXContainerItemProxy;
			containerPortal = 1CAE369228D2672C008E10A3 /* Project object */;
			proxyType = 1;
			remoteGlobalIDString = 1CAE369928D2672C008E10A3;
			remoteInfo = UIKitApp;
		};
		1CAE36BB28D26733008E10A3 /* PBXContainerItemProxy */ = {
			isa = PBXContainerItemProxy;
			containerPortal = 1CAE369228D2672C008E10A3 /* Project object */;
			proxyType = 1;
			remoteGlobalIDString = 1CAE369928D2672C008E10A3;
			remoteInfo = UIKitApp;
		};
/* End PBXContainerItemProxy section */

/* Begin PBXFileReference section */
		1CAE369A28D2672C008E10A3 /* UIKitApp.app */ = {isa = PBXFileReference; explicitFileType = wrapper.application; includeInIndex = 0; path = UIKitApp.app; sourceTree = BUILT_PRODUCTS_DIR; };
		1CAE369D28D2672C008E10A3 /* AppDelegate.swift */ = {isa = PBXFileReference; lastKnownFileType = sourcecode.swift; path = AppDelegate.swift; sourceTree = "<group>"; };
		1CAE369F28D2672C008E10A3 /* SceneDelegate.swift */ = {isa = PBXFileReference; lastKnownFileType = sourcecode.swift; path = SceneDelegate.swift; sourceTree = "<group>"; };
		1CAE36A628D26732008E10A3 /* Assets.xcassets */ = {isa = PBXFileReference; lastKnownFileType = folder.assetcatalog; path = Assets.xcassets; sourceTree = "<group>"; };
		1CAE36A928D26732008E10A3 /* Base */ = {isa = PBXFileReference; lastKnownFileType = file.storyboard; name = Base; path = Base.lproj/LaunchScreen.storyboard; sourceTree = "<group>"; };
		1CAE36AB28D26732008E10A3 /* Info.plist */ = {isa = PBXFileReference; lastKnownFileType = text.plist.xml; path = Info.plist; sourceTree = "<group>"; };
		1CAE36B028D26733008E10A3 /* UIKitAppTests.xctest */ = {isa = PBXFileReference; explicitFileType = wrapper.cfbundle; includeInIndex = 0; path = UIKitAppTests.xctest; sourceTree = BUILT_PRODUCTS_DIR; };
		1CAE36B428D26733008E10A3 /* UIKitAppTests.swift */ = {isa = PBXFileReference; lastKnownFileType = sourcecode.swift; path = UIKitAppTests.swift; sourceTree = "<group>"; };
		1CAE36BA28D26733008E10A3 /* UIKitAppUITests.xctest */ = {isa = PBXFileReference; explicitFileType = wrapper.cfbundle; includeInIndex = 0; path = UIKitAppUITests.xctest; sourceTree = BUILT_PRODUCTS_DIR; };
		1CAE36BE28D26733008E10A3 /* UIKitAppUITests.swift */ = {isa = PBXFileReference; lastKnownFileType = sourcecode.swift; path = UIKitAppUITests.swift; sourceTree = "<group>"; };
		1CAE36C028D26733008E10A3 /* UIKitAppUITestsLaunchTests.swift */ = {isa = PBXFileReference; lastKnownFileType = sourcecode.swift; path = UIKitAppUITestsLaunchTests.swift; sourceTree = "<group>"; };
		1CAE36CE28D2F56C008E10A3 /* WelcomeViewController.swift */ = {isa = PBXFileReference; lastKnownFileType = sourcecode.swift; path = WelcomeViewController.swift; sourceTree = "<group>"; };
		1CAE36D028D2F5AE008E10A3 /* WelcomeView.swift */ = {isa = PBXFileReference; lastKnownFileType = sourcecode.swift; path = WelcomeView.swift; sourceTree = "<group>"; };
		1CAE36D328D2F5E3008E10A3 /* WelcomeViewDelegate.swift */ = {isa = PBXFileReference; lastKnownFileType = sourcecode.swift; path = WelcomeViewDelegate.swift; sourceTree = "<group>"; };
		1CAE36D628D2F60B008E10A3 /* Constants.swift */ = {isa = PBXFileReference; lastKnownFileType = sourcecode.swift; path = Constants.swift; sourceTree = "<group>"; };
		1CAE36D828D2F657008E10A3 /* SignUpViewController.swift */ = {isa = PBXFileReference; lastKnownFileType = sourcecode.swift; path = SignUpViewController.swift; sourceTree = "<group>"; };
		1CAE36DA28D2F6C2008E10A3 /* SignUp.storyboard */ = {isa = PBXFileReference; lastKnownFileType = file.storyboard; path = SignUp.storyboard; sourceTree = "<group>"; };
		1CAE36DE28D36FE6008E10A3 /* SignInView.swift */ = {isa = PBXFileReference; lastKnownFileType = sourcecode.swift; path = SignInView.swift; sourceTree = "<group>"; };
		1CAE36E028D3700D008E10A3 /* SignInConstants.swift */ = {isa = PBXFileReference; lastKnownFileType = sourcecode.swift; path = SignInConstants.swift; sourceTree = "<group>"; };
		1CAE36E228D3703A008E10A3 /* SignInStyles.swift */ = {isa = PBXFileReference; lastKnownFileType = sourcecode.swift; path = SignInStyles.swift; sourceTree = "<group>"; };
		1CAE36E628D37190008E10A3 /* Localizable.strings */ = {isa = PBXFileReference; lastKnownFileType = text.plist.strings; path = Localizable.strings; sourceTree = "<group>"; };
		1CAE36E828D371BC008E10A3 /* LocalizableKeys.swift */ = {isa = PBXFileReference; lastKnownFileType = sourcecode.swift; path = LocalizableKeys.swift; sourceTree = "<group>"; };
		1CAE3B5128D37F0D008E10A3 /* CustomColor.swift */ = {isa = PBXFileReference; lastKnownFileType = sourcecode.swift; path = CustomColor.swift; sourceTree = "<group>"; };
		1CAE3B5328D37F25008E10A3 /* PrimaryButton.swift */ = {isa = PBXFileReference; lastKnownFileType = sourcecode.swift; path = PrimaryButton.swift; sourceTree = "<group>"; };
		1CAE3B5528D37F43008E10A3 /* PrimaryTextField.swift */ = {isa = PBXFileReference; lastKnownFileType = sourcecode.swift; path = PrimaryTextField.swift; sourceTree = "<group>"; };
/* End PBXFileReference section */

/* Begin PBXFrameworksBuildPhase section */
		1CAE369728D2672C008E10A3 /* Frameworks */ = {
			isa = PBXFrameworksBuildPhase;
			buildActionMask = 2147483647;
			files = (
			);
			runOnlyForDeploymentPostprocessing = 0;
		};
		1CAE36AD28D26733008E10A3 /* Frameworks */ = {
			isa = PBXFrameworksBuildPhase;
			buildActionMask = 2147483647;
			files = (
			);
			runOnlyForDeploymentPostprocessing = 0;
		};
		1CAE36B728D26733008E10A3 /* Frameworks */ = {
			isa = PBXFrameworksBuildPhase;
			buildActionMask = 2147483647;
			files = (
			);
			runOnlyForDeploymentPostprocessing = 0;
		};
/* End PBXFrameworksBuildPhase section */

/* Begin PBXGroup section */
		1CAE369128D2672C008E10A3 = {
			isa = PBXGroup;
			children = (
				1CAE369C28D2672C008E10A3 /* UIKitApp */,
				1CAE36B328D26733008E10A3 /* UIKitAppTests */,
				1CAE36BD28D26733008E10A3 /* UIKitAppUITests */,
				1CAE369B28D2672C008E10A3 /* Products */,
			);
			sourceTree = "<group>";
		};
		1CAE369B28D2672C008E10A3 /* Products */ = {
			isa = PBXGroup;
			children = (
				1CAE369A28D2672C008E10A3 /* UIKitApp.app */,
				1CAE36B028D26733008E10A3 /* UIKitAppTests.xctest */,
				1CAE36BA28D26733008E10A3 /* UIKitAppUITests.xctest */,
			);
			name = Products;
			sourceTree = "<group>";
		};
		1CAE369C28D2672C008E10A3 /* UIKitApp */ = {
			isa = PBXGroup;
			children = (
				1CAE369D28D2672C008E10A3 /* AppDelegate.swift */,
				1CAE369F28D2672C008E10A3 /* SceneDelegate.swift */,
				1CAE36E528D370B1008E10A3 /* Resources */,
				1CAE36DC28D36F80008E10A3 /* SignIn */,
				1CAE36D528D2F5F4008E10A3 /* SignUp */,
				1CAE36CD28D2F54D008E10A3 /* Welcome */,
				1CAE36A828D26732008E10A3 /* LaunchScreen.storyboard */,
				1CAE36AB28D26732008E10A3 /* Info.plist */,
			);
			path = UIKitApp;
			sourceTree = "<group>";
		};
		1CAE36B328D26733008E10A3 /* UIKitAppTests */ = {
			isa = PBXGroup;
			children = (
				1CAE36B428D26733008E10A3 /* UIKitAppTests.swift */,
			);
			path = UIKitAppTests;
			sourceTree = "<group>";
		};
		1CAE36BD28D26733008E10A3 /* UIKitAppUITests */ = {
			isa = PBXGroup;
			children = (
				1CAE36BE28D26733008E10A3 /* UIKitAppUITests.swift */,
				1CAE36C028D26733008E10A3 /* UIKitAppUITestsLaunchTests.swift */,
			);
			path = UIKitAppUITests;
			sourceTree = "<group>";
		};
		1CAE36CD28D2F54D008E10A3 /* Welcome */ = {
			isa = PBXGroup;
			children = (
				1CAE36D228D2F5C1008E10A3 /* Helpers */,
				1CAE36CE28D2F56C008E10A3 /* WelcomeViewController.swift */,
				1CAE36D028D2F5AE008E10A3 /* WelcomeView.swift */,
				1CAE36D328D2F5E3008E10A3 /* WelcomeViewDelegate.swift */,
			);
			path = Welcome;
			sourceTree = "<group>";
		};
		1CAE36D228D2F5C1008E10A3 /* Helpers */ = {
			isa = PBXGroup;
			children = (
				1CAE36D628D2F60B008E10A3 /* Constants.swift */,
				1CAE3B5128D37F0D008E10A3 /* CustomColor.swift */,
				1CAE3B5328D37F25008E10A3 /* PrimaryButton.swift */,
				1CAE3B5528D37F43008E10A3 /* PrimaryTextField.swift */,
			);
			path = Helpers;
			sourceTree = "<group>";
		};
		1CAE36D528D2F5F4008E10A3 /* SignUp */ = {
			isa = PBXGroup;
			children = (
				1CAE36D828D2F657008E10A3 /* SignUpViewController.swift */,
				1CAE36DA28D2F6C2008E10A3 /* SignUp.storyboard */,
			);
			path = SignUp;
			sourceTree = "<group>";
		};
		1CAE36DC28D36F80008E10A3 /* SignIn */ = {
			isa = PBXGroup;
			children = (
				1CAE36DD28D36F8E008E10A3 /* Helpers */,
				1CAE36DE28D36FE6008E10A3 /* SignInView.swift */,
			);
			path = SignIn;
			sourceTree = "<group>";
		};
		1CAE36DD28D36F8E008E10A3 /* Helpers */ = {
			isa = PBXGroup;
			children = (
				1CAE36E028D3700D008E10A3 /* SignInConstants.swift */,
				1CAE36E228D3703A008E10A3 /* SignInStyles.swift */,
			);
			path = Helpers;
			sourceTree = "<group>";
		};
		1CAE36E528D370B1008E10A3 /* Resources */ = {
			isa = PBXGroup;
			children = (
				1CAE36A628D26732008E10A3 /* Assets.xcassets */,
				1CAE36E628D37190008E10A3 /* Localizable.strings */,
				1CAE36E828D371BC008E10A3 /* LocalizableKeys.swift */,
			);
			path = Resources;
			sourceTree = "<group>";
		};
/* End PBXGroup section */

/* Begin PBXNativeTarget section */
		1CAE369928D2672C008E10A3 /* UIKitApp */ = {
			isa = PBXNativeTarget;
			buildConfigurationList = 1CAE36C428D26733008E10A3 /* Build configuration list for PBXNativeTarget "UIKitApp" */;
			buildPhases = (
				1CAE369628D2672C008E10A3 /* Sources */,
				1CAE369728D2672C008E10A3 /* Frameworks */,
				1CAE369828D2672C008E10A3 /* Resources */,
			);
			buildRules = (
			);
			dependencies = (
			);
			name = UIKitApp;
			productName = UIKitApp;
			productReference = 1CAE369A28D2672C008E10A3 /* UIKitApp.app */;
			productType = "com.apple.product-type.application";
		};
		1CAE36AF28D26733008E10A3 /* UIKitAppTests */ = {
			isa = PBXNativeTarget;
			buildConfigurationList = 1CAE36C728D26733008E10A3 /* Build configuration list for PBXNativeTarget "UIKitAppTests" */;
			buildPhases = (
				1CAE36AC28D26733008E10A3 /* Sources */,
				1CAE36AD28D26733008E10A3 /* Frameworks */,
				1CAE36AE28D26733008E10A3 /* Resources */,
			);
			buildRules = (
			);
			dependencies = (
				1CAE36B228D26733008E10A3 /* PBXTargetDependency */,
			);
			name = UIKitAppTests;
			productName = UIKitAppTests;
			productReference = 1CAE36B028D26733008E10A3 /* UIKitAppTests.xctest */;
			productType = "com.apple.product-type.bundle.unit-test";
		};
		1CAE36B928D26733008E10A3 /* UIKitAppUITests */ = {
			isa = PBXNativeTarget;
			buildConfigurationList = 1CAE36CA28D26733008E10A3 /* Build configuration list for PBXNativeTarget "UIKitAppUITests" */;
			buildPhases = (
				1CAE36B628D26733008E10A3 /* Sources */,
				1CAE36B728D26733008E10A3 /* Frameworks */,
				1CAE36B828D26733008E10A3 /* Resources */,
			);
			buildRules = (
			);
			dependencies = (
				1CAE36BC28D26733008E10A3 /* PBXTargetDependency */,
			);
			name = UIKitAppUITests;
			productName = UIKitAppUITests;
			productReference = 1CAE36BA28D26733008E10A3 /* UIKitAppUITests.xctest */;
			productType = "com.apple.product-type.bundle.ui-testing";
		};
/* End PBXNativeTarget section */

/* Begin PBXProject section */
		1CAE369228D2672C008E10A3 /* Project object */ = {
			isa = PBXProject;
			attributes = {
				BuildIndependentTargetsInParallel = 1;
				LastSwiftUpdateCheck = 1340;
				LastUpgradeCheck = 1340;
				TargetAttributes = {
					1CAE369928D2672C008E10A3 = {
						CreatedOnToolsVersion = 13.4;
					};
					1CAE36AF28D26733008E10A3 = {
						CreatedOnToolsVersion = 13.4;
						TestTargetID = 1CAE369928D2672C008E10A3;
					};
					1CAE36B928D26733008E10A3 = {
						CreatedOnToolsVersion = 13.4;
						TestTargetID = 1CAE369928D2672C008E10A3;
					};
				};
			};
			buildConfigurationList = 1CAE369528D2672C008E10A3 /* Build configuration list for PBXProject "UIKitApp" */;
			compatibilityVersion = "Xcode 13.0";
			developmentRegion = en;
			hasScannedForEncodings = 0;
			knownRegions = (
				en,
				Base,
			);
			mainGroup = 1CAE369128D2672C008E10A3;
			productRefGroup = 1CAE369B28D2672C008E10A3 /* Products */;
			projectDirPath = "";
			projectRoot = "";
			targets = (
				1CAE369928D2672C008E10A3 /* UIKitApp */,
				1CAE36AF28D26733008E10A3 /* UIKitAppTests */,
				1CAE36B928D26733008E10A3 /* UIKitAppUITests */,
			);
		};
/* End PBXProject section */

/* Begin PBXResourcesBuildPhase section */
		1CAE369828D2672C008E10A3 /* Resources */ = {
			isa = PBXResourcesBuildPhase;
			buildActionMask = 2147483647;
			files = (
				1CAE36E728D37190008E10A3 /* Localizable.strings in Resources */,
				1CAE36AA28D26732008E10A3 /* LaunchScreen.storyboard in Resources */,
				1CAE36A728D26732008E10A3 /* Assets.xcassets in Resources */,
				1CAE36DB28D2F6C2008E10A3 /* SignUp.storyboard in Resources */,
			);
			runOnlyForDeploymentPostprocessing = 0;
		};
		1CAE36AE28D26733008E10A3 /* Resources */ = {
			isa = PBXResourcesBuildPhase;
			buildActionMask = 2147483647;
			files = (
			);
			runOnlyForDeploymentPostprocessing = 0;
		};
		1CAE36B828D26733008E10A3 /* Resources */ = {
			isa = PBXResourcesBuildPhase;
			buildActionMask = 2147483647;
			files = (
			);
			runOnlyForDeploymentPostprocessing = 0;
		};
/* End PBXResourcesBuildPhase section */

/* Begin PBXSourcesBuildPhase section */
		1CAE369628D2672C008E10A3 /* Sources */ = {
			isa = PBXSourcesBuildPhase;
			buildActionMask = 2147483647;
			files = (
				1CAE3B5628D37F43008E10A3 /* PrimaryTextField.swift in Sources */,
				1CAE36DF28D36FE6008E10A3 /* SignInView.swift in Sources */,
				1CAE36E128D3700D008E10A3 /* SignInConstants.swift in Sources */,
				1CAE3B5228D37F0D008E10A3 /* CustomColor.swift in Sources */,
				1CAE36D128D2F5AE008E10A3 /* WelcomeView.swift in Sources */,
				1CAE36D928D2F657008E10A3 /* SignUpViewController.swift in Sources */,
				1CAE3B5428D37F25008E10A3 /* PrimaryButton.swift in Sources */,
				1CAE36E328D3703A008E10A3 /* SignInStyles.swift in Sources */,
				1CAE36E928D371BC008E10A3 /* LocalizableKeys.swift in Sources */,
				1CAE36CF28D2F56C008E10A3 /* WelcomeViewController.swift in Sources */,
				1CAE369E28D2672C008E10A3 /* AppDelegate.swift in Sources */,
				1CAE36D728D2F60B008E10A3 /* Constants.swift in Sources */,
				1CAE36D428D2F5E3008E10A3 /* WelcomeViewDelegate.swift in Sources */,
				1CAE36A028D2672C008E10A3 /* SceneDelegate.swift in Sources */,
			);
			runOnlyForDeploymentPostprocessing = 0;
		};
		1CAE36AC28D26733008E10A3 /* Sources */ = {
			isa = PBXSourcesBuildPhase;
			buildActionMask = 2147483647;
			files = (
				1CAE36B528D26733008E10A3 /* UIKitAppTests.swift in Sources */,
			);
			runOnlyForDeploymentPostprocessing = 0;
		};
		1CAE36B628D26733008E10A3 /* Sources */ = {
			isa = PBXSourcesBuildPhase;
			buildActionMask = 2147483647;
			files = (
				1CAE36C128D26733008E10A3 /* UIKitAppUITestsLaunchTests.swift in Sources */,
				1CAE36BF28D26733008E10A3 /* UIKitAppUITests.swift in Sources */,
			);
			runOnlyForDeploymentPostprocessing = 0;
		};
/* End PBXSourcesBuildPhase section */

/* Begin PBXTargetDependency section */
		1CAE36B228D26733008E10A3 /* PBXTargetDependency */ = {
			isa = PBXTargetDependency;
			target = 1CAE369928D2672C008E10A3 /* UIKitApp */;
			targetProxy = 1CAE36B128D26733008E10A3 /* PBXContainerItemProxy */;
		};
		1CAE36BC28D26733008E10A3 /* PBXTargetDependency */ = {
			isa = PBXTargetDependency;
			target = 1CAE369928D2672C008E10A3 /* UIKitApp */;
			targetProxy = 1CAE36BB28D26733008E10A3 /* PBXContainerItemProxy */;
		};
/* End PBXTargetDependency section */

/* Begin PBXVariantGroup section */
		1CAE36A828D26732008E10A3 /* LaunchScreen.storyboard */ = {
			isa = PBXVariantGroup;
			children = (
				1CAE36A928D26732008E10A3 /* Base */,
			);
			name = LaunchScreen.storyboard;
			sourceTree = "<group>";
		};
/* End PBXVariantGroup section */

/* Begin XCBuildConfiguration section */
		1CAE36C228D26733008E10A3 /* Debug */ = {
			isa = XCBuildConfiguration;
			buildSettings = {
				ALWAYS_SEARCH_USER_PATHS = NO;
				CLANG_ANALYZER_NONNULL = YES;
				CLANG_ANALYZER_NUMBER_OBJECT_CONVERSION = YES_AGGRESSIVE;
				CLANG_CXX_LANGUAGE_STANDARD = "gnu++17";
				CLANG_ENABLE_MODULES = YES;
				CLANG_ENABLE_OBJC_ARC = YES;
				CLANG_ENABLE_OBJC_WEAK = YES;
				CLANG_WARN_BLOCK_CAPTURE_AUTORELEASING = YES;
				CLANG_WARN_BOOL_CONVERSION = YES;
				CLANG_WARN_COMMA = YES;
				CLANG_WARN_CONSTANT_CONVERSION = YES;
				CLANG_WARN_DEPRECATED_OBJC_IMPLEMENTATIONS = YES;
				CLANG_WARN_DIRECT_OBJC_ISA_USAGE = YES_ERROR;
				CLANG_WARN_DOCUMENTATION_COMMENTS = YES;
				CLANG_WARN_EMPTY_BODY = YES;
				CLANG_WARN_ENUM_CONVERSION = YES;
				CLANG_WARN_INFINITE_RECURSION = YES;
				CLANG_WARN_INT_CONVERSION = YES;
				CLANG_WARN_NON_LITERAL_NULL_CONVERSION = YES;
				CLANG_WARN_OBJC_IMPLICIT_RETAIN_SELF = YES;
				CLANG_WARN_OBJC_LITERAL_CONVERSION = YES;
				CLANG_WARN_OBJC_ROOT_CLASS = YES_ERROR;
				CLANG_WARN_QUOTED_INCLUDE_IN_FRAMEWORK_HEADER = YES;
				CLANG_WARN_RANGE_LOOP_ANALYSIS = YES;
				CLANG_WARN_STRICT_PROTOTYPES = YES;
				CLANG_WARN_SUSPICIOUS_MOVE = YES;
				CLANG_WARN_UNGUARDED_AVAILABILITY = YES_AGGRESSIVE;
				CLANG_WARN_UNREACHABLE_CODE = YES;
				CLANG_WARN__DUPLICATE_METHOD_MATCH = YES;
				COPY_PHASE_STRIP = NO;
				DEBUG_INFORMATION_FORMAT = dwarf;
				ENABLE_STRICT_OBJC_MSGSEND = YES;
				ENABLE_TESTABILITY = YES;
				GCC_C_LANGUAGE_STANDARD = gnu11;
				GCC_DYNAMIC_NO_PIC = NO;
				GCC_NO_COMMON_BLOCKS = YES;
				GCC_OPTIMIZATION_LEVEL = 0;
				GCC_PREPROCESSOR_DEFINITIONS = (
					"DEBUG=1",
					"$(inherited)",
				);
				GCC_WARN_64_TO_32_BIT_CONVERSION = YES;
				GCC_WARN_ABOUT_RETURN_TYPE = YES_ERROR;
				GCC_WARN_UNDECLARED_SELECTOR = YES;
				GCC_WARN_UNINITIALIZED_AUTOS = YES_AGGRESSIVE;
				GCC_WARN_UNUSED_FUNCTION = YES;
				GCC_WARN_UNUSED_VARIABLE = YES;
				IPHONEOS_DEPLOYMENT_TARGET = 15.5;
				MTL_ENABLE_DEBUG_INFO = INCLUDE_SOURCE;
				MTL_FAST_MATH = YES;
				ONLY_ACTIVE_ARCH = YES;
				SDKROOT = iphoneos;
				SWIFT_ACTIVE_COMPILATION_CONDITIONS = DEBUG;
				SWIFT_OPTIMIZATION_LEVEL = "-Onone";
			};
			name = Debug;
		};
		1CAE36C328D26733008E10A3 /* Release */ = {
			isa = XCBuildConfiguration;
			buildSettings = {
				ALWAYS_SEARCH_USER_PATHS = NO;
				CLANG_ANALYZER_NONNULL = YES;
				CLANG_ANALYZER_NUMBER_OBJECT_CONVERSION = YES_AGGRESSIVE;
				CLANG_CXX_LANGUAGE_STANDARD = "gnu++17";
				CLANG_ENABLE_MODULES = YES;
				CLANG_ENABLE_OBJC_ARC = YES;
				CLANG_ENABLE_OBJC_WEAK = YES;
				CLANG_WARN_BLOCK_CAPTURE_AUTORELEASING = YES;
				CLANG_WARN_BOOL_CONVERSION = YES;
				CLANG_WARN_COMMA = YES;
				CLANG_WARN_CONSTANT_CONVERSION = YES;
				CLANG_WARN_DEPRECATED_OBJC_IMPLEMENTATIONS = YES;
				CLANG_WARN_DIRECT_OBJC_ISA_USAGE = YES_ERROR;
				CLANG_WARN_DOCUMENTATION_COMMENTS = YES;
				CLANG_WARN_EMPTY_BODY = YES;
				CLANG_WARN_ENUM_CONVERSION = YES;
				CLANG_WARN_INFINITE_RECURSION = YES;
				CLANG_WARN_INT_CONVERSION = YES;
				CLANG_WARN_NON_LITERAL_NULL_CONVERSION = YES;
				CLANG_WARN_OBJC_IMPLICIT_RETAIN_SELF = YES;
				CLANG_WARN_OBJC_LITERAL_CONVERSION = YES;
				CLANG_WARN_OBJC_ROOT_CLASS = YES_ERROR;
				CLANG_WARN_QUOTED_INCLUDE_IN_FRAMEWORK_HEADER = YES;
				CLANG_WARN_RANGE_LOOP_ANALYSIS = YES;
				CLANG_WARN_STRICT_PROTOTYPES = YES;
				CLANG_WARN_SUSPICIOUS_MOVE = YES;
				CLANG_WARN_UNGUARDED_AVAILABILITY = YES_AGGRESSIVE;
				CLANG_WARN_UNREACHABLE_CODE = YES;
				CLANG_WARN__DUPLICATE_METHOD_MATCH = YES;
				COPY_PHASE_STRIP = NO;
				DEBUG_INFORMATION_FORMAT = "dwarf-with-dsym";
				ENABLE_NS_ASSERTIONS = NO;
				ENABLE_STRICT_OBJC_MSGSEND = YES;
				GCC_C_LANGUAGE_STANDARD = gnu11;
				GCC_NO_COMMON_BLOCKS = YES;
				GCC_WARN_64_TO_32_BIT_CONVERSION = YES;
				GCC_WARN_ABOUT_RETURN_TYPE = YES_ERROR;
				GCC_WARN_UNDECLARED_SELECTOR = YES;
				GCC_WARN_UNINITIALIZED_AUTOS = YES_AGGRESSIVE;
				GCC_WARN_UNUSED_FUNCTION = YES;
				GCC_WARN_UNUSED_VARIABLE = YES;
				IPHONEOS_DEPLOYMENT_TARGET = 15.5;
				MTL_ENABLE_DEBUG_INFO = NO;
				MTL_FAST_MATH = YES;
				SDKROOT = iphoneos;
				SWIFT_COMPILATION_MODE = wholemodule;
				SWIFT_OPTIMIZATION_LEVEL = "-O";
				VALIDATE_PRODUCT = YES;
			};
			name = Release;
		};
		1CAE36C528D26733008E10A3 /* Debug */ = {
			isa = XCBuildConfiguration;
			buildSettings = {
				ASSETCATALOG_COMPILER_APPICON_NAME = AppIcon;
				ASSETCATALOG_COMPILER_GLOBAL_ACCENT_COLOR_NAME = AccentColor;
				CODE_SIGN_STYLE = Automatic;
				CURRENT_PROJECT_VERSION = 1;
				GENERATE_INFOPLIST_FILE = YES;
				INFOPLIST_FILE = UIKitApp/Info.plist;
				INFOPLIST_KEY_UIApplicationSupportsIndirectInputEvents = YES;
				INFOPLIST_KEY_UILaunchStoryboardName = LaunchScreen;
				INFOPLIST_KEY_UIMainStoryboardFile = SignUp;
				INFOPLIST_KEY_UISupportedInterfaceOrientations_iPad = "UIInterfaceOrientationPortrait UIInterfaceOrientationPortraitUpsideDown UIInterfaceOrientationLandscapeLeft UIInterfaceOrientationLandscapeRight";
				INFOPLIST_KEY_UISupportedInterfaceOrientations_iPhone = "UIInterfaceOrientationPortrait UIInterfaceOrientationLandscapeLeft UIInterfaceOrientationLandscapeRight";
				LD_RUNPATH_SEARCH_PATHS = (
					"$(inherited)",
					"@executable_path/Frameworks",
				);
				MARKETING_VERSION = 1.0;
				PRODUCT_BUNDLE_IDENTIFIER = "com.wizeline-academy.UIKitApp";
				PRODUCT_NAME = "$(TARGET_NAME)";
				SWIFT_EMIT_LOC_STRINGS = YES;
				SWIFT_VERSION = 5.0;
				TARGETED_DEVICE_FAMILY = "1,2";
			};
			name = Debug;
		};
		1CAE36C628D26733008E10A3 /* Release */ = {
			isa = XCBuildConfiguration;
			buildSettings = {
				ASSETCATALOG_COMPILER_APPICON_NAME = AppIcon;
				ASSETCATALOG_COMPILER_GLOBAL_ACCENT_COLOR_NAME = AccentColor;
				CODE_SIGN_STYLE = Automatic;
				CURRENT_PROJECT_VERSION = 1;
				GENERATE_INFOPLIST_FILE = YES;
				INFOPLIST_FILE = UIKitApp/Info.plist;
				INFOPLIST_KEY_UIApplicationSupportsIndirectInputEvents = YES;
				INFOPLIST_KEY_UILaunchStoryboardName = LaunchScreen;
				INFOPLIST_KEY_UIMainStoryboardFile = SignUp;
				INFOPLIST_KEY_UISupportedInterfaceOrientations_iPad = "UIInterfaceOrientationPortrait UIInterfaceOrientationPortraitUpsideDown UIInterfaceOrientationLandscapeLeft UIInterfaceOrientationLandscapeRight";
				INFOPLIST_KEY_UISupportedInterfaceOrientations_iPhone = "UIInterfaceOrientationPortrait UIInterfaceOrientationLandscapeLeft UIInterfaceOrientationLandscapeRight";
				LD_RUNPATH_SEARCH_PATHS = (
					"$(inherited)",
					"@executable_path/Frameworks",
				);
				MARKETING_VERSION = 1.0;
				PRODUCT_BUNDLE_IDENTIFIER = "com.wizeline-academy.UIKitApp";
				PRODUCT_NAME = "$(TARGET_NAME)";
				SWIFT_EMIT_LOC_STRINGS = YES;
				SWIFT_VERSION = 5.0;
				TARGETED_DEVICE_FAMILY = "1,2";
			};
			name = Release;
		};
		1CAE36C828D26733008E10A3 /* Debug */ = {
			isa = XCBuildConfiguration;
			buildSettings = {
				ALWAYS_EMBED_SWIFT_STANDARD_LIBRARIES = YES;
				BUNDLE_LOADER = "$(TEST_HOST)";
				CODE_SIGN_STYLE = Automatic;
				CURRENT_PROJECT_VERSION = 1;
				GENERATE_INFOPLIST_FILE = YES;
				IPHONEOS_DEPLOYMENT_TARGET = 15.5;
				MARKETING_VERSION = 1.0;
				PRODUCT_BUNDLE_IDENTIFIER = "com.wizeline-academy.UIKitAppTests";
				PRODUCT_NAME = "$(TARGET_NAME)";
				SWIFT_EMIT_LOC_STRINGS = NO;
				SWIFT_VERSION = 5.0;
				TARGETED_DEVICE_FAMILY = "1,2";
				TEST_HOST = "$(BUILT_PRODUCTS_DIR)/UIKitApp.app/UIKitApp";
			};
			name = Debug;
		};
		1CAE36C928D26733008E10A3 /* Release */ = {
			isa = XCBuildConfiguration;
			buildSettings = {
				ALWAYS_EMBED_SWIFT_STANDARD_LIBRARIES = YES;
				BUNDLE_LOADER = "$(TEST_HOST)";
				CODE_SIGN_STYLE = Automatic;
				CURRENT_PROJECT_VERSION = 1;
				GENERATE_INFOPLIST_FILE = YES;
				IPHONEOS_DEPLOYMENT_TARGET = 15.5;
				MARKETING_VERSION = 1.0;
				PRODUCT_BUNDLE_IDENTIFIER = "com.wizeline-academy.UIKitAppTests";
				PRODUCT_NAME = "$(TARGET_NAME)";
				SWIFT_EMIT_LOC_STRINGS = NO;
				SWIFT_VERSION = 5.0;
				TARGETED_DEVICE_FAMILY = "1,2";
				TEST_HOST = "$(BUILT_PRODUCTS_DIR)/UIKitApp.app/UIKitApp";
			};
			name = Release;
		};
		1CAE36CB28D26733008E10A3 /* Debug */ = {
			isa = XCBuildConfiguration;
			buildSettings = {
				ALWAYS_EMBED_SWIFT_STANDARD_LIBRARIES = YES;
				CODE_SIGN_STYLE = Automatic;
				CURRENT_PROJECT_VERSION = 1;
				GENERATE_INFOPLIST_FILE = YES;
				MARKETING_VERSION = 1.0;
				PRODUCT_BUNDLE_IDENTIFIER = "com.wizeline-academy.UIKitAppUITests";
				PRODUCT_NAME = "$(TARGET_NAME)";
				SWIFT_EMIT_LOC_STRINGS = NO;
				SWIFT_VERSION = 5.0;
				TARGETED_DEVICE_FAMILY = "1,2";
				TEST_TARGET_NAME = UIKitApp;
			};
			name = Debug;
		};
		1CAE36CC28D26733008E10A3 /* Release */ = {
			isa = XCBuildConfiguration;
			buildSettings = {
				ALWAYS_EMBED_SWIFT_STANDARD_LIBRARIES = YES;
				CODE_SIGN_STYLE = Automatic;
				CURRENT_PROJECT_VERSION = 1;
				GENERATE_INFOPLIST_FILE = YES;
				MARKETING_VERSION = 1.0;
				PRODUCT_BUNDLE_IDENTIFIER = "com.wizeline-academy.UIKitAppUITests";
				PRODUCT_NAME = "$(TARGET_NAME)";
				SWIFT_EMIT_LOC_STRINGS = NO;
				SWIFT_VERSION = 5.0;
				TARGETED_DEVICE_FAMILY = "1,2";
				TEST_TARGET_NAME = UIKitApp;
			};
			name = Release;
		};
/* End XCBuildConfiguration section */

/* Begin XCConfigurationList section */
		1CAE369528D2672C008E10A3 /* Build configuration list for PBXProject "UIKitApp" */ = {
			isa = XCConfigurationList;
			buildConfigurations = (
				1CAE36C228D26733008E10A3 /* Debug */,
				1CAE36C328D26733008E10A3 /* Release */,
			);
			defaultConfigurationIsVisible = 0;
			defaultConfigurationName = Release;
		};
		1CAE36C428D26733008E10A3 /* Build configuration list for PBXNativeTarget "UIKitApp" */ = {
			isa = XCConfigurationList;
			buildConfigurations = (
				1CAE36C528D26733008E10A3 /* Debug */,
				1CAE36C628D26733008E10A3 /* Release */,
			);
			defaultConfigurationIsVisible = 0;
			defaultConfigurationName = Release;
		};
		1CAE36C728D26733008E10A3 /* Build configuration list for PBXNativeTarget "UIKitAppTests" */ = {
			isa = XCConfigurationList;
			buildConfigurations = (
				1CAE36C828D26733008E10A3 /* Debug */,
				1CAE36C928D26733008E10A3 /* Release */,
			);
			defaultConfigurationIsVisible = 0;
			defaultConfigurationName = Release;
		};
		1CAE36CA28D26733008E10A3 /* Build configuration list for PBXNativeTarget "UIKitAppUITests" */ = {
			isa = XCConfigurationList;
			buildConfigurations = (
				1CAE36CB28D26733008E10A3 /* Debug */,
				1CAE36CC28D26733008E10A3 /* Release */,
			);
			defaultConfigurationIsVisible = 0;
			defaultConfigurationName = Release;
		};
/* End XCConfigurationList section */
	};
	rootObject = 1CAE369228D2672C008E10A3 /* Project object */;
}
